
Microsoft Visual Studio Solution File, Format Version 12.00
# Visual Studio Version 17
VisualStudioVersion = 17.8.34330.188
MinimumVisualStudioVersion = 10.0.40219.1
Project("{FAE04EC0-301F-11D3-BF4B-00C04F79EFBC}") = "Rheem.Inventory.Api", "Rheem.Inventory.Api\Rheem.Inventory.Api.csproj", "{569687B6-0591-40E4-BF77-60A67E3B485E}"
EndProject
Global
	GlobalSection(SolutionConfigurationPlatforms) = preSolution
		Debug|Any CPU = Debug|Any CPU
		Release|Any CPU = Release|Any CPU
	EndGlobalSection
	GlobalSection(ProjectConfigurationPlatforms) = postSolution
		{569687B6-0591-40E4-BF77-60A67E3B485E}.Debug|Any CPU.ActiveCfg = Debug|Any CPU
		{569687B6-0591-40E4-BF77-60A67E3B485E}.Debug|Any CPU.Build.0 = Debug|Any CPU
		{569687B6-0591-40E4-BF77-60A67E3B485E}.Release|Any CPU.ActiveCfg = Release|Any CPU
		{569687B6-0591-40E4-BF77-60A67E3B485E}.Release|Any CPU.Build.0 = Release|Any CPU
	EndGlobalSection
	GlobalSection(SolutionProperties) = preSolution
		HideSolutionNode = FALSE
	EndGlobalSection
	GlobalSection(ExtensibilityGlobals) = postSolution
		SolutionGuid = {E792D1CB-8F0F-40BC-9382-D69BAD55EA17}
	EndGlobalSection
EndGlobal
